
Microsoft Visual Studio Solution File, Format Version 12.00
# Visual Studio Version 17
VisualStudioVersion = 17.9.34622.214
MinimumVisualStudioVersion = 10.0.40219.1
Project("{FAE04EC0-301F-11D3-BF4B-00C04F79EFBC}") = "Notepad++", "Notepad++.csproj", "{CAB55775-31D0-4181-8D57-B38AD110AEB8}"
EndProject
Global
	GlobalSection(SolutionConfigurationPlatforms) = preSolution
		Debug|Any CPU = Debug|Any CPU
		Release|Any CPU = Release|Any CPU
	EndGlobalSection
	GlobalSection(ProjectConfigurationPlatforms) = postSolution
		{CAB55775-31D0-4181-8D57-B38AD110AEB8}.Debug|Any CPU.ActiveCfg = Debug|Any CPU
		{CAB55775-31D0-4181-8D57-B38AD110AEB8}.Debug|Any CPU.Build.0 = Debug|Any CPU
		{CAB55775-31D0-4181-8D57-B38AD110AEB8}.Release|Any CPU.ActiveCfg = Release|Any CPU
		{CAB55775-31D0-4181-8D57-B38AD110AEB8}.Release|Any CPU.Build.0 = Release|Any CPU
	EndGlobalSection
	GlobalSection(SolutionProperties) = preSolution
		HideSolutionNode = FALSE
	EndGlobalSection
	GlobalSection(ExtensibilityGlobals) = postSolution
		SolutionGuid = {EF5262B2-7E40-402D-BA8A-EEA01AF02A60}
	EndGlobalSection
EndGlobal
